
Microsoft Visual Studio Solution File, Format Version 12.00
# Visual Studio Version 17
VisualStudioVersion = 17.1.32228.430
MinimumVisualStudioVersion = 10.0.40219.1
Project("{FAE04EC0-301F-11D3-BF4B-00C04F79EFBC}") = "MovingToAzure", "MovingToAzure.csproj", "{A828E7A0-5FAF-4898-92BF-2AAE22B3725E}"
EndProject
Global
	GlobalSection(SolutionConfigurationPlatforms) = preSolution
		Debug|Any CPU = Debug|Any CPU
		Release|Any CPU = Release|Any CPU
	EndGlobalSection
	GlobalSection(ProjectConfigurationPlatforms) = postSolution
		{A828E7A0-5FAF-4898-92BF-2AAE22B3725E}.Debug|Any CPU.ActiveCfg = Debug|Any CPU
		{A828E7A0-5FAF-4898-92BF-2AAE22B3725E}.Debug|Any CPU.Build.0 = Debug|Any CPU
		{A828E7A0-5FAF-4898-92BF-2AAE22B3725E}.Release|Any CPU.ActiveCfg = Release|Any CPU
		{A828E7A0-5FAF-4898-92BF-2AAE22B3725E}.Release|Any CPU.Build.0 = Release|Any CPU
	EndGlobalSection
	GlobalSection(SolutionProperties) = preSolution
		HideSolutionNode = FALSE
	EndGlobalSection
	GlobalSection(ExtensibilityGlobals) = postSolution
		SolutionGuid = {994C8E10-E9DC-4C55-A612-10FF65BE3B6E}
	EndGlobalSection
EndGlobal
